// !$*UTF8*$!
{
	archiveVersion = 1;
	classes = {
	};
	objectVersion = 56;
	objects = {

/* Begin PBXBuildFile section */
		683255215DFEE0F25113BD57 /* Pods_MapApp.framework in Frameworks */ = {isa = PBXBuildFile; fileRef = 31F1372DED4020CA6793D66E /* Pods_MapApp.framework */; };
		BA0427BF2A9754D70023782A /* AppDelegate.swift in Sources */ = {isa = PBXBuildFile; fileRef = BA0427BE2A9754D70023782A /* AppDelegate.swift */; };
		BA0427C12A9754D70023782A /* SceneDelegate.swift in Sources */ = {isa = PBXBuildFile; fileRef = BA0427C02A9754D70023782A /* SceneDelegate.swift */; };
		BA0427C32A9754D70023782A /* ViewController.swift in Sources */ = {isa = PBXBuildFile; fileRef = BA0427C22A9754D70023782A /* ViewController.swift */; };
		BA0427C62A9754D70023782A /* Main.storyboard in Resources */ = {isa = PBXBuildFile; fileRef = BA0427C42A9754D70023782A /* Main.storyboard */; };
		BA0427C82A9754D80023782A /* Assets.xcassets in Resources */ = {isa = PBXBuildFile; fileRef = BA0427C72A9754D80023782A /* Assets.xcassets */; };
		BA0427CB2A9754D80023782A /* LaunchScreen.storyboard in Resources */ = {isa = PBXBuildFile; fileRef = BA0427C92A9754D80023782A /* LaunchScreen.storyboard */; };
		BA0427DC2A98CD170023782A /* BottomView.swift in Sources */ = {isa = PBXBuildFile; fileRef = BA0427DB2A98CD170023782A /* BottomView.swift */; };
		BA0427DE2A98DA900023782A /* MapView.swift in Sources */ = {isa = PBXBuildFile; fileRef = BA0427DD2A98DA900023782A /* MapView.swift */; };
/* End PBXBuildFile section */

/* Begin PBXFileReference section */
		15D411363704732707CF30D4 /* Pods-MapApp.debug.xcconfig */ = {isa = PBXFileReference; includeInIndex = 1; lastKnownFileType = text.xcconfig; name = "Pods-MapApp.debug.xcconfig"; path = "Target Support Files/Pods-MapApp/Pods-MapApp.debug.xcconfig"; sourceTree = "<group>"; };
		31F1372DED4020CA6793D66E /* Pods_MapApp.framework */ = {isa = PBXFileReference; explicitFileType = wrapper.framework; includeInIndex = 0; path = Pods_MapApp.framework; sourceTree = BUILT_PRODUCTS_DIR; };
		81D3BD99A5B8CB5DC1AA67F3 /* Pods-MapApp.release.xcconfig */ = {isa = PBXFileReference; includeInIndex = 1; lastKnownFileType = text.xcconfig; name = "Pods-MapApp.release.xcconfig"; path = "Target Support Files/Pods-MapApp/Pods-MapApp.release.xcconfig"; sourceTree = "<group>"; };
		BA0427BB2A9754D70023782A /* MapApp.app */ = {isa = PBXFileReference; explicitFileType = wrapper.application; includeInIndex = 0; path = MapApp.app; sourceTree = BUILT_PRODUCTS_DIR; };
		BA0427BE2A9754D70023782A /* AppDelegate.swift */ = {isa = PBXFileReference; lastKnownFileType = sourcecode.swift; path = AppDelegate.swift; sourceTree = "<group>"; };
		BA0427C02A9754D70023782A /* SceneDelegate.swift */ = {isa = PBXFileReference; lastKnownFileType = sourcecode.swift; path = SceneDelegate.swift; sourceTree = "<group>"; };
		BA0427C22A9754D70023782A /* ViewController.swift */ = {isa = PBXFileReference; lastKnownFileType = sourcecode.swift; path = ViewController.swift; sourceTree = "<group>"; };
		BA0427C52A9754D70023782A /* Base */ = {isa = PBXFileReference; lastKnownFileType = file.storyboard; name = Base; path = Base.lproj/Main.storyboard; sourceTree = "<group>"; };
		BA0427C72A9754D80023782A /* Assets.xcassets */ = {isa = PBXFileReference; lastKnownFileType = folder.assetcatalog; path = Assets.xcassets; sourceTree = "<group>"; };
		BA0427CA2A9754D80023782A /* Base */ = {isa = PBXFileReference; lastKnownFileType = file.storyboard; name = Base; path = Base.lproj/LaunchScreen.storyboard; sourceTree = "<group>"; };
		BA0427CC2A9754D80023782A /* Info.plist */ = {isa = PBXFileReference; lastKnownFileType = text.plist.xml; path = Info.plist; sourceTree = "<group>"; };
		BA0427DB2A98CD170023782A /* BottomView.swift */ = {isa = PBXFileReference; lastKnownFileType = sourcecode.swift; path = BottomView.swift; sourceTree = "<group>"; };
		BA0427DD2A98DA900023782A /* MapView.swift */ = {isa = PBXFileReference; lastKnownFileType = sourcecode.swift; path = MapView.swift; sourceTree = "<group>"; };
/* End PBXFileReference section */

/* Begin PBXFrameworksBuildPhase section */
		BA0427B82A9754D70023782A /* Frameworks */ = {
			isa = PBXFrameworksBuildPhase;
			buildActionMask = 2147483647;
			files = (
				683255215DFEE0F25113BD57 /* Pods_MapApp.framework in Frameworks */,
			);
			runOnlyForDeploymentPostprocessing = 0;
		};
/* End PBXFrameworksBuildPhase section */

/* Begin PBXGroup section */
		6CA5DFB7B63F137C683375E3 /* Frameworks */ = {
			isa = PBXGroup;
			children = (
				31F1372DED4020CA6793D66E /* Pods_MapApp.framework */,
			);
			name = Frameworks;
			sourceTree = "<group>";
		};
		8B6FFD429C251AF338AD8515 /* Pods */ = {
			isa = PBXGroup;
			children = (
				15D411363704732707CF30D4 /* Pods-MapApp.debug.xcconfig */,
				81D3BD99A5B8CB5DC1AA67F3 /* Pods-MapApp.release.xcconfig */,
			);
			path = Pods;
			sourceTree = "<group>";
		};
		BA0427B22A9754D70023782A = {
			isa = PBXGroup;
			children = (
				BA0427BD2A9754D70023782A /* MapApp */,
				BA0427BC2A9754D70023782A /* Products */,
				8B6FFD429C251AF338AD8515 /* Pods */,
				6CA5DFB7B63F137C683375E3 /* Frameworks */,
			);
			sourceTree = "<group>";
		};
		BA0427BC2A9754D70023782A /* Products */ = {
			isa = PBXGroup;
			children = (
				BA0427BB2A9754D70023782A /* MapApp.app */,
			);
			name = Products;
			sourceTree = "<group>";
		};
		BA0427BD2A9754D70023782A /* MapApp */ = {
			isa = PBXGroup;
			children = (
				BA0427D22A97553F0023782A /* Resources */,
				BA0427D32A9755480023782A /* Sources */,
			);
			path = MapApp;
			sourceTree = "<group>";
		};
		BA0427D22A97553F0023782A /* Resources */ = {
			isa = PBXGroup;
			children = (
				BA0427C72A9754D80023782A /* Assets.xcassets */,
				BA0427CC2A9754D80023782A /* Info.plist */,
				BA0427C42A9754D70023782A /* Main.storyboard */,
				BA0427C92A9754D80023782A /* LaunchScreen.storyboard */,
			);
			path = Resources;
			sourceTree = "<group>";
		};
		BA0427D32A9755480023782A /* Sources */ = {
			isa = PBXGroup;
			children = (
				BA0427D42A9755510023782A /* App */,
				BA0427D52A97555B0023782A /* Scenes */,
			);
			path = Sources;
			sourceTree = "<group>";
		};
		BA0427D42A9755510023782A /* App */ = {
			isa = PBXGroup;
			children = (
				BA0427BE2A9754D70023782A /* AppDelegate.swift */,
				BA0427C02A9754D70023782A /* SceneDelegate.swift */,
			);
			path = App;
			sourceTree = "<group>";
		};
		BA0427D52A97555B0023782A /* Scenes */ = {
			isa = PBXGroup;
			children = (
				BA0427D62A9755610023782A /* MainMap */,
			);
			path = Scenes;
			sourceTree = "<group>";
		};
		BA0427D62A9755610023782A /* MainMap */ = {
			isa = PBXGroup;
			children = (
				BA0427D82A9789D40023782A /* Views */,
				BA0427D72A9755690023782A /* Controllers */,
			);
			path = MainMap;
			sourceTree = "<group>";
		};
		BA0427D72A9755690023782A /* Controllers */ = {
			isa = PBXGroup;
			children = (
				BA0427C22A9754D70023782A /* ViewController.swift */,
			);
			path = Controllers;
			sourceTree = "<group>";
		};
		BA0427D82A9789D40023782A /* Views */ = {
			isa = PBXGroup;
			children = (
				BA0427DB2A98CD170023782A /* BottomView.swift */,
				BA0427DD2A98DA900023782A /* MapView.swift */,
			);
			path = Views;
			sourceTree = "<group>";
		};
/* End PBXGroup section */

/* Begin PBXNativeTarget section */
		BA0427BA2A9754D70023782A /* MapApp */ = {
			isa = PBXNativeTarget;
			buildConfigurationList = BA0427CF2A9754D80023782A /* Build configuration list for PBXNativeTarget "MapApp" */;
			buildPhases = (
				E0A08428293CB7B6AC92413F /* [CP] Check Pods Manifest.lock */,
				BA0427B72A9754D70023782A /* Sources */,
				BA0427B82A9754D70023782A /* Frameworks */,
				BA0427B92A9754D70023782A /* Resources */,
				4BC77D74EB813C595C66CF1E /* [CP] Embed Pods Frameworks */,
				E22FAA3721FFBDD8E8688B3F /* [CP] Copy Pods Resources */,
			);
			buildRules = (
			);
			dependencies = (
			);
			name = MapApp;
			productName = MapApp;
			productReference = BA0427BB2A9754D70023782A /* MapApp.app */;
			productType = "com.apple.product-type.application";
		};
/* End PBXNativeTarget section */

/* Begin PBXProject section */
		BA0427B32A9754D70023782A /* Project object */ = {
			isa = PBXProject;
			attributes = {
				BuildIndependentTargetsInParallel = 1;
				LastSwiftUpdateCheck = 1430;
				LastUpgradeCheck = 1430;
				TargetAttributes = {
					BA0427BA2A9754D70023782A = {
						CreatedOnToolsVersion = 14.3.1;
					};
				};
			};
			buildConfigurationList = BA0427B62A9754D70023782A /* Build configuration list for PBXProject "MapApp" */;
			compatibilityVersion = "Xcode 14.0";
			developmentRegion = en;
			hasScannedForEncodings = 0;
			knownRegions = (
				en,
				Base,
			);
			mainGroup = BA0427B22A9754D70023782A;
			productRefGroup = BA0427BC2A9754D70023782A /* Products */;
			projectDirPath = "";
			projectRoot = "";
			targets = (
				BA0427BA2A9754D70023782A /* MapApp */,
			);
		};
/* End PBXProject section */

/* Begin PBXResourcesBuildPhase section */
		BA0427B92A9754D70023782A /* Resources */ = {
			isa = PBXResourcesBuildPhase;
			buildActionMask = 2147483647;
			files = (
				BA0427CB2A9754D80023782A /* LaunchScreen.storyboard in Resources */,
				BA0427C82A9754D80023782A /* Assets.xcassets in Resources */,
				BA0427C62A9754D70023782A /* Main.storyboard in Resources */,
			);
			runOnlyForDeploymentPostprocessing = 0;
		};
/* End PBXResourcesBuildPhase section */

/* Begin PBXShellScriptBuildPhase section */
		4BC77D74EB813C595C66CF1E /* [CP] Embed Pods Frameworks */ = {
			isa = PBXShellScriptBuildPhase;
			buildActionMask = 2147483647;
			files = (
			);
			inputFileListPaths = (
				"${PODS_ROOT}/Target Support Files/Pods-MapApp/Pods-MapApp-frameworks-${CONFIGURATION}-input-files.xcfilelist",
			);
			name = "[CP] Embed Pods Frameworks";
			outputFileListPaths = (
				"${PODS_ROOT}/Target Support Files/Pods-MapApp/Pods-MapApp-frameworks-${CONFIGURATION}-output-files.xcfilelist",
			);
			runOnlyForDeploymentPostprocessing = 0;
			shellPath = /bin/sh;
			shellScript = "\"${PODS_ROOT}/Target Support Files/Pods-MapApp/Pods-MapApp-frameworks.sh\"\n";
			showEnvVarsInLog = 0;
		};
		E0A08428293CB7B6AC92413F /* [CP] Check Pods Manifest.lock */ = {
			isa = PBXShellScriptBuildPhase;
			buildActionMask = 2147483647;
			files = (
			);
			inputFileListPaths = (
			);
			inputPaths = (
				"${PODS_PODFILE_DIR_PATH}/Podfile.lock",
				"${PODS_ROOT}/Manifest.lock",
			);
			name = "[CP] Check Pods Manifest.lock";
			outputFileListPaths = (
			);
			outputPaths = (
				"$(DERIVED_FILE_DIR)/Pods-MapApp-checkManifestLockResult.txt",
			);
			runOnlyForDeploymentPostprocessing = 0;
			shellPath = /bin/sh;
			shellScript = "diff \"${PODS_PODFILE_DIR_PATH}/Podfile.lock\" \"${PODS_ROOT}/Manifest.lock\" > /dev/null\nif [ $? != 0 ] ; then\n    # print error to STDERR\n    echo \"error: The sandbox is not in sync with the Podfile.lock. Run 'pod install' or update your CocoaPods installation.\" >&2\n    exit 1\nfi\n# This output is used by Xcode 'outputs' to avoid re-running this script phase.\necho \"SUCCESS\" > \"${SCRIPT_OUTPUT_FILE_0}\"\n";
			showEnvVarsInLog = 0;
		};
		E22FAA3721FFBDD8E8688B3F /* [CP] Copy Pods Resources */ = {
			isa = PBXShellScriptBuildPhase;
			buildActionMask = 2147483647;
			files = (
			);
			inputFileListPaths = (
				"${PODS_ROOT}/Target Support Files/Pods-MapApp/Pods-MapApp-resources-${CONFIGURATION}-input-files.xcfilelist",
			);
			name = "[CP] Copy Pods Resources";
			outputFileListPaths = (
				"${PODS_ROOT}/Target Support Files/Pods-MapApp/Pods-MapApp-resources-${CONFIGURATION}-output-files.xcfilelist",
			);
			runOnlyForDeploymentPostprocessing = 0;
			shellPath = /bin/sh;
			shellScript = "\"${PODS_ROOT}/Target Support Files/Pods-MapApp/Pods-MapApp-resources.sh\"\n";
			showEnvVarsInLog = 0;
		};
/* End PBXShellScriptBuildPhase section */

/* Begin PBXSourcesBuildPhase section */
		BA0427B72A9754D70023782A /* Sources */ = {
			isa = PBXSourcesBuildPhase;
			buildActionMask = 2147483647;
			files = (
				BA0427C32A9754D70023782A /* ViewController.swift in Sources */,
				BA0427DE2A98DA900023782A /* MapView.swift in Sources */,
				BA0427BF2A9754D70023782A /* AppDelegate.swift in Sources */,
				BA0427C12A9754D70023782A /* SceneDelegate.swift in Sources */,
				BA0427DC2A98CD170023782A /* BottomView.swift in Sources */,
			);
			runOnlyForDeploymentPostprocessing = 0;
		};
/* End PBXSourcesBuildPhase section */

/* Begin PBXVariantGroup section */
		BA0427C42A9754D70023782A /* Main.storyboard */ = {
			isa = PBXVariantGroup;
			children = (
				BA0427C52A9754D70023782A /* Base */,
			);
			name = Main.storyboard;
			sourceTree = "<group>";
		};
		BA0427C92A9754D80023782A /* LaunchScreen.storyboard */ = {
			isa = PBXVariantGroup;
			children = (
				BA0427CA2A9754D80023782A /* Base */,
			);
			name = LaunchScreen.storyboard;
			sourceTree = "<group>";
		};
/* End PBXVariantGroup section */

/* Begin XCBuildConfiguration section */
		BA0427CD2A9754D80023782A /* Debug */ = {
			isa = XCBuildConfiguration;
			buildSettings = {
				ALWAYS_SEARCH_USER_PATHS = NO;
				CLANG_ANALYZER_NONNULL = YES;
				CLANG_ANALYZER_NUMBER_OBJECT_CONVERSION = YES_AGGRESSIVE;
				CLANG_CXX_LANGUAGE_STANDARD = "gnu++20";
				CLANG_ENABLE_MODULES = YES;
				CLANG_ENABLE_OBJC_ARC = YES;
				CLANG_ENABLE_OBJC_WEAK = YES;
				CLANG_WARN_BLOCK_CAPTURE_AUTORELEASING = YES;
				CLANG_WARN_BOOL_CONVERSION = YES;
				CLANG_WARN_COMMA = YES;
				CLANG_WARN_CONSTANT_CONVERSION = YES;
				CLANG_WARN_DEPRECATED_OBJC_IMPLEMENTATIONS = YES;
				CLANG_WARN_DIRECT_OBJC_ISA_USAGE = YES_ERROR;
				CLANG_WARN_DOCUMENTATION_COMMENTS = YES;
				CLANG_WARN_EMPTY_BODY = YES;
				CLANG_WARN_ENUM_CONVERSION = YES;
				CLANG_WARN_INFINITE_RECURSION = YES;
				CLANG_WARN_INT_CONVERSION = YES;
				CLANG_WARN_NON_LITERAL_NULL_CONVERSION = YES;
				CLANG_WARN_OBJC_IMPLICIT_RETAIN_SELF = YES;
				CLANG_WARN_OBJC_LITERAL_CONVERSION = YES;
				CLANG_WARN_OBJC_ROOT_CLASS = YES_ERROR;
				CLANG_WARN_QUOTED_INCLUDE_IN_FRAMEWORK_HEADER = YES;
				CLANG_WARN_RANGE_LOOP_ANALYSIS = YES;
				CLANG_WARN_STRICT_PROTOTYPES = YES;
				CLANG_WARN_SUSPICIOUS_MOVE = YES;
				CLANG_WARN_UNGUARDED_AVAILABILITY = YES_AGGRESSIVE;
				CLANG_WARN_UNREACHABLE_CODE = YES;
				CLANG_WARN__DUPLICATE_METHOD_MATCH = YES;
				COPY_PHASE_STRIP = NO;
				DEBUG_INFORMATION_FORMAT = dwarf;
				ENABLE_STRICT_OBJC_MSGSEND = YES;
				ENABLE_TESTABILITY = YES;
				GCC_C_LANGUAGE_STANDARD = gnu11;
				GCC_DYNAMIC_NO_PIC = NO;
				GCC_NO_COMMON_BLOCKS = YES;
				GCC_OPTIMIZATION_LEVEL = 0;
				GCC_PREPROCESSOR_DEFINITIONS = (
					"DEBUG=1",
					"$(inherited)",
				);
				GCC_WARN_64_TO_32_BIT_CONVERSION = YES;
				GCC_WARN_ABOUT_RETURN_TYPE = YES_ERROR;
				GCC_WARN_UNDECLARED_SELECTOR = YES;
				GCC_WARN_UNINITIALIZED_AUTOS = YES_AGGRESSIVE;
				GCC_WARN_UNUSED_FUNCTION = YES;
				GCC_WARN_UNUSED_VARIABLE = YES;
				IPHONEOS_DEPLOYMENT_TARGET = 16.4;
				MTL_ENABLE_DEBUG_INFO = INCLUDE_SOURCE;
				MTL_FAST_MATH = YES;
				ONLY_ACTIVE_ARCH = YES;
				SDKROOT = iphoneos;
				SWIFT_ACTIVE_COMPILATION_CONDITIONS = DEBUG;
				SWIFT_OPTIMIZATION_LEVEL = "-Onone";
			};
			name = Debug;
		};
		BA0427CE2A9754D80023782A /* Release */ = {
			isa = XCBuildConfiguration;
			buildSettings = {
				ALWAYS_SEARCH_USER_PATHS = NO;
				CLANG_ANALYZER_NONNULL = YES;
				CLANG_ANALYZER_NUMBER_OBJECT_CONVERSION = YES_AGGRESSIVE;
				CLANG_CXX_LANGUAGE_STANDARD = "gnu++20";
				CLANG_ENABLE_MODULES = YES;
				CLANG_ENABLE_OBJC_ARC = YES;
				CLANG_ENABLE_OBJC_WEAK = YES;
				CLANG_WARN_BLOCK_CAPTURE_AUTORELEASING = YES;
				CLANG_WARN_BOOL_CONVERSION = YES;
				CLANG_WARN_COMMA = YES;
				CLANG_WARN_CONSTANT_CONVERSION = YES;
				CLANG_WARN_DEPRECATED_OBJC_IMPLEMENTATIONS = YES;
				CLANG_WARN_DIRECT_OBJC_ISA_USAGE = YES_ERROR;
				CLANG_WARN_DOCUMENTATION_COMMENTS = YES;
				CLANG_WARN_EMPTY_BODY = YES;
				CLANG_WARN_ENUM_CONVERSION = YES;
				CLANG_WARN_INFINITE_RECURSION = YES;
				CLANG_WARN_INT_CONVERSION = YES;
				CLANG_WARN_NON_LITERAL_NULL_CONVERSION = YES;
				CLANG_WARN_OBJC_IMPLICIT_RETAIN_SELF = YES;
				CLANG_WARN_OBJC_LITERAL_CONVERSION = YES;
				CLANG_WARN_OBJC_ROOT_CLASS = YES_ERROR;
				CLANG_WARN_QUOTED_INCLUDE_IN_FRAMEWORK_HEADER = YES;
				CLANG_WARN_RANGE_LOOP_ANALYSIS = YES;
				CLANG_WARN_STRICT_PROTOTYPES = YES;
				CLANG_WARN_SUSPICIOUS_MOVE = YES;
				CLANG_WARN_UNGUARDED_AVAILABILITY = YES_AGGRESSIVE;
				CLANG_WARN_UNREACHABLE_CODE = YES;
				CLANG_WARN__DUPLICATE_METHOD_MATCH = YES;
				COPY_PHASE_STRIP = NO;
				DEBUG_INFORMATION_FORMAT = "dwarf-with-dsym";
				ENABLE_NS_ASSERTIONS = NO;
				ENABLE_STRICT_OBJC_MSGSEND = YES;
				GCC_C_LANGUAGE_STANDARD = gnu11;
				GCC_NO_COMMON_BLOCKS = YES;
				GCC_WARN_64_TO_32_BIT_CONVERSION = YES;
				GCC_WARN_ABOUT_RETURN_TYPE = YES_ERROR;
				GCC_WARN_UNDECLARED_SELECTOR = YES;
				GCC_WARN_UNINITIALIZED_AUTOS = YES_AGGRESSIVE;
				GCC_WARN_UNUSED_FUNCTION = YES;
				GCC_WARN_UNUSED_VARIABLE = YES;
				IPHONEOS_DEPLOYMENT_TARGET = 16.4;
				MTL_ENABLE_DEBUG_INFO = NO;
				MTL_FAST_MATH = YES;
				SDKROOT = iphoneos;
				SWIFT_COMPILATION_MODE = wholemodule;
				SWIFT_OPTIMIZATION_LEVEL = "-O";
				VALIDATE_PRODUCT = YES;
			};
			name = Release;
		};
		BA0427D02A9754D80023782A /* Debug */ = {
			isa = XCBuildConfiguration;
			baseConfigurationReference = 15D411363704732707CF30D4 /* Pods-MapApp.debug.xcconfig */;
			buildSettings = {
				ASSETCATALOG_COMPILER_APPICON_NAME = AppIcon;
				ASSETCATALOG_COMPILER_GLOBAL_ACCENT_COLOR_NAME = AccentColor;
				CODE_SIGN_STYLE = Automatic;
				CURRENT_PROJECT_VERSION = 1;
				DEVELOPMENT_TEAM = 9A7Q9CH3UQ;
				GENERATE_INFOPLIST_FILE = YES;
				INFOPLIST_FILE = MapApp/Resources/Info.plist;
				INFOPLIST_KEY_UIApplicationSupportsIndirectInputEvents = YES;
				INFOPLIST_KEY_UILaunchStoryboardName = LaunchScreen;
				INFOPLIST_KEY_UIMainStoryboardFile = Main;
				INFOPLIST_KEY_UISupportedInterfaceOrientations_iPad = "UIInterfaceOrientationPortrait UIInterfaceOrientationPortraitUpsideDown UIInterfaceOrientationLandscapeLeft UIInterfaceOrientationLandscapeRight";
				INFOPLIST_KEY_UISupportedInterfaceOrientations_iPhone = "UIInterfaceOrientationPortrait UIInterfaceOrientationLandscapeLeft UIInterfaceOrientationLandscapeRight";
				LD_RUNPATH_SEARCH_PATHS = (
					"$(inherited)",
					"@executable_path/Frameworks",
				);
				MARKETING_VERSION = 1.0;
				PRODUCT_BUNDLE_IDENTIFIER = alexeypanda.MapApp;
				PRODUCT_NAME = "$(TARGET_NAME)";
				SWIFT_EMIT_LOC_STRINGS = YES;
				SWIFT_VERSION = 5.0;
				TARGETED_DEVICE_FAMILY = "1,2";
			};
			name = Debug;
		};
		BA0427D12A9754D80023782A /* Release */ = {
			isa = XCBuildConfiguration;
			baseConfigurationReference = 81D3BD99A5B8CB5DC1AA67F3 /* Pods-MapApp.release.xcconfig */;
			buildSettings = {
				ASSETCATALOG_COMPILER_APPICON_NAME = AppIcon;
				ASSETCATALOG_COMPILER_GLOBAL_ACCENT_COLOR_NAME = AccentColor;
				CODE_SIGN_STYLE = Automatic;
				CURRENT_PROJECT_VERSION = 1;
				DEVELOPMENT_TEAM = 9A7Q9CH3UQ;
				GENERATE_INFOPLIST_FILE = YES;
				INFOPLIST_FILE = MapApp/Resources/Info.plist;
				INFOPLIST_KEY_UIApplicationSupportsIndirectInputEvents = YES;
				INFOPLIST_KEY_UILaunchStoryboardName = LaunchScreen;
				INFOPLIST_KEY_UIMainStoryboardFile = Main;
				INFOPLIST_KEY_UISupportedInterfaceOrientations_iPad = "UIInterfaceOrientationPortrait UIInterfaceOrientationPortraitUpsideDown UIInterfaceOrientationLandscapeLeft UIInterfaceOrientationLandscapeRight";
				INFOPLIST_KEY_UISupportedInterfaceOrientations_iPhone = "UIInterfaceOrientationPortrait UIInterfaceOrientationLandscapeLeft UIInterfaceOrientationLandscapeRight";
				LD_RUNPATH_SEARCH_PATHS = (
					"$(inherited)",
					"@executable_path/Frameworks",
				);
				MARKETING_VERSION = 1.0;
				PRODUCT_BUNDLE_IDENTIFIER = alexeypanda.MapApp;
				PRODUCT_NAME = "$(TARGET_NAME)";
				SWIFT_EMIT_LOC_STRINGS = YES;
				SWIFT_VERSION = 5.0;
				TARGETED_DEVICE_FAMILY = "1,2";
			};
			name = Release;
		};
/* End XCBuildConfiguration section */

/* Begin XCConfigurationList section */
		BA0427B62A9754D70023782A /* Build configuration list for PBXProject "MapApp" */ = {
			isa = XCConfigurationList;
			buildConfigurations = (
				BA0427CD2A9754D80023782A /* Debug */,
				BA0427CE2A9754D80023782A /* Release */,
			);
			defaultConfigurationIsVisible = 0;
			defaultConfigurationName = Release;
		};
		BA0427CF2A9754D80023782A /* Build configuration list for PBXNativeTarget "MapApp" */ = {
			isa = XCConfigurationList;
			buildConfigurations = (
				BA0427D02A9754D80023782A /* Debug */,
				BA0427D12A9754D80023782A /* Release */,
			);
			defaultConfigurationIsVisible = 0;
			defaultConfigurationName = Release;
		};
/* End XCConfigurationList section */
	};
	rootObject = BA0427B32A9754D70023782A /* Project object */;
}
